
Microsoft Visual Studio Solution File, Format Version 12.00
# Visual Studio 2013
VisualStudioVersion = 12.0.21005.1
MinimumVisualStudioVersion = 10.0.40219.1
Project("{FAE04EC0-301F-11D3-BF4B-00C04F79EFBC}") = "Problem 1. Shapes", "Problem 1. Shapes\Problem 1. Shapes.csproj", "{2F16CB46-CEE9-4313-B779-0F0E7D0D8C69}"
EndProject
Project("{FAE04EC0-301F-11D3-BF4B-00C04F79EFBC}") = "Problem 2. Bank of Kurtovo Konare", "Problem 2. Bank of Kurtovo Konare\Problem 2. Bank of Kurtovo Konare.csproj", "{7F410B22-0635-46D4-A385-3DC72A1C4CD3}"
EndProject
Global
	GlobalSection(SolutionConfigurationPlatforms) = preSolution
		Debug|Any CPU = Debug|Any CPU
		Debug|Mixed Platforms = Debug|Mixed Platforms
		Debug|x86 = Debug|x86
		Release|Any CPU = Release|Any CPU
		Release|Mixed Platforms = Release|Mixed Platforms
		Release|x86 = Release|x86
	EndGlobalSection
	GlobalSection(ProjectConfigurationPlatforms) = postSolution
		{2F16CB46-CEE9-4313-B779-0F0E7D0D8C69}.Debug|Any CPU.ActiveCfg = Debug|Any CPU
		{2F16CB46-CEE9-4313-B779-0F0E7D0D8C69}.Debug|Any CPU.Build.0 = Debug|Any CPU
		{2F16CB46-CEE9-4313-B779-0F0E7D0D8C69}.Debug|Mixed Platforms.ActiveCfg = Debug|Any CPU
		{2F16CB46-CEE9-4313-B779-0F0E7D0D8C69}.Debug|Mixed Platforms.Build.0 = Debug|Any CPU
		{2F16CB46-CEE9-4313-B779-0F0E7D0D8C69}.Debug|x86.ActiveCfg = Debug|Any CPU
		{2F16CB46-CEE9-4313-B779-0F0E7D0D8C69}.Release|Any CPU.ActiveCfg = Release|Any CPU
		{2F16CB46-CEE9-4313-B779-0F0E7D0D8C69}.Release|Any CPU.Build.0 = Release|Any CPU
		{2F16CB46-CEE9-4313-B779-0F0E7D0D8C69}.Release|Mixed Platforms.ActiveCfg = Release|Any CPU
		{2F16CB46-CEE9-4313-B779-0F0E7D0D8C69}.Release|Mixed Platforms.Build.0 = Release|Any CPU
		{2F16CB46-CEE9-4313-B779-0F0E7D0D8C69}.Release|x86.ActiveCfg = Release|Any CPU
		{7F410B22-0635-46D4-A385-3DC72A1C4CD3}.Debug|Any CPU.ActiveCfg = Debug|Any CPU
		{7F410B22-0635-46D4-A385-3DC72A1C4CD3}.Debug|Any CPU.Build.0 = Debug|Any CPU
		{7F410B22-0635-46D4-A385-3DC72A1C4CD3}.Debug|Mixed Platforms.ActiveCfg = Debug|Any CPU
		{7F410B22-0635-46D4-A385-3DC72A1C4CD3}.Debug|Mixed Platforms.Build.0 = Debug|Any CPU
		{7F410B22-0635-46D4-A385-3DC72A1C4CD3}.Debug|x86.ActiveCfg = Debug|Any CPU
		{7F410B22-0635-46D4-A385-3DC72A1C4CD3}.Release|Any CPU.ActiveCfg = Release|Any CPU
		{7F410B22-0635-46D4-A385-3DC72A1C4CD3}.Release|Any CPU.Build.0 = Release|Any CPU
		{7F410B22-0635-46D4-A385-3DC72A1C4CD3}.Release|Mixed Platforms.ActiveCfg = Release|Any CPU
		{7F410B22-0635-46D4-A385-3DC72A1C4CD3}.Release|Mixed Platforms.Build.0 = Release|Any CPU
		{7F410B22-0635-46D4-A385-3DC72A1C4CD3}.Release|x86.ActiveCfg = Release|Any CPU
	EndGlobalSection
	GlobalSection(SolutionProperties) = preSolution
		HideSolutionNode = FALSE
	EndGlobalSection
EndGlobal
