
Microsoft Visual Studio Solution File, Format Version 12.00
# Visual Studio 2013
VisualStudioVersion = 12.0.21005.1
MinimumVisualStudioVersion = 10.0.40219.1
Project("{FAE04EC0-301F-11D3-BF4B-00C04F79EFBC}") = "Class Student", "Class Student\Class Student.csproj", "{3FD0136E-1212-4210-B468-EDBBC8B7B38B}"
EndProject
Project("{FAE04EC0-301F-11D3-BF4B-00C04F79EFBC}") = "StringBuilder Extensions", "StringBuilder Extensions\StringBuilder Extensions.csproj", "{ED83A172-05A2-4E5E-A7DE-D1D789D237C2}"
EndProject
Project("{FAE04EC0-301F-11D3-BF4B-00C04F79EFBC}") = "Custom LINQ Extension Methods", "Custom LINQ Extension Methods\Custom LINQ Extension Methods.csproj", "{64A4FEAB-00F5-4893-8261-AA494AA1E306}"
EndProject
Global
	GlobalSection(SolutionConfigurationPlatforms) = preSolution
		Debug|Any CPU = Debug|Any CPU
		Release|Any CPU = Release|Any CPU
	EndGlobalSection
	GlobalSection(ProjectConfigurationPlatforms) = postSolution
		{3FD0136E-1212-4210-B468-EDBBC8B7B38B}.Debug|Any CPU.ActiveCfg = Debug|Any CPU
		{3FD0136E-1212-4210-B468-EDBBC8B7B38B}.Debug|Any CPU.Build.0 = Debug|Any CPU
		{3FD0136E-1212-4210-B468-EDBBC8B7B38B}.Release|Any CPU.ActiveCfg = Release|Any CPU
		{3FD0136E-1212-4210-B468-EDBBC8B7B38B}.Release|Any CPU.Build.0 = Release|Any CPU
		{ED83A172-05A2-4E5E-A7DE-D1D789D237C2}.Debug|Any CPU.ActiveCfg = Debug|Any CPU
		{ED83A172-05A2-4E5E-A7DE-D1D789D237C2}.Debug|Any CPU.Build.0 = Debug|Any CPU
		{ED83A172-05A2-4E5E-A7DE-D1D789D237C2}.Release|Any CPU.ActiveCfg = Release|Any CPU
		{ED83A172-05A2-4E5E-A7DE-D1D789D237C2}.Release|Any CPU.Build.0 = Release|Any CPU
		{64A4FEAB-00F5-4893-8261-AA494AA1E306}.Debug|Any CPU.ActiveCfg = Debug|Any CPU
		{64A4FEAB-00F5-4893-8261-AA494AA1E306}.Debug|Any CPU.Build.0 = Debug|Any CPU
		{64A4FEAB-00F5-4893-8261-AA494AA1E306}.Release|Any CPU.ActiveCfg = Release|Any CPU
		{64A4FEAB-00F5-4893-8261-AA494AA1E306}.Release|Any CPU.Build.0 = Release|Any CPU
	EndGlobalSection
	GlobalSection(SolutionProperties) = preSolution
		HideSolutionNode = FALSE
	EndGlobalSection
EndGlobal
